# This file is automatically @generated by Cargo.
# It is not intended for manual editing.
version = 4

[[package]]
name = "rust-programming-mastery"
version = "0.1.0"

[[package]]
name = "topic-01-env-args"
version = "0.1.0"

[[package]]
name = "topic-01-function-basics"
version = "0.1.0"

[[package]]
name = "topic-01-staircase-problem"
version = "0.1.0"

[[package]]
name = "topic-01-struct-basics"
version = "0.1.0"

[[package]]
name = "topic-01-vector-basics"
version = "0.1.0"

[[package]]
name = "topic-02-accessing-vector-elements"
version = "0.1.0"

[[package]]
name = "topic-02-associated-functions"
version = "0.1.0"

[[package]]
name = "topic-02-enforcing-the-number-of-args"
version = "0.1.0"

[[package]]
name = "topic-02-functions-that-return-multiple-values"
version = "0.1.0"

[[package]]
name = "topic-03-code-blocks"
version = "0.1.0"

[[package]]
name = "topic-03-creating-a-vector-with-repeated-values"
version = "0.1.0"

[[package]]
name = "topic-03-std-path-path"
version = "0.1.0"

[[package]]
name = "topic-04-crawling-the-filesystem"
version = "0.1.0"

[[package]]
name = "topic-04-creating-a-reference-of-a-section-of-a-vector"
version = "0.1.0"

[[package]]
name = "topic-05-vector-methods"
version = "0.1.0"
